
Microsoft Visual Studio Solution File, Format Version 10.00
# Visual Studio 2008
Project("{8BC9CEB8-8B4A-11D0-8D11-00A0C91BC942}") = "sfml-system", "components\sfml\sfml-system.vcproj", "{C061A27D-7CA0-4179-9869-672FA04A86A8}"
EndProject
Project("{8BC9CEB8-8B4A-11D0-8D11-00A0C91BC942}") = "sfml-graphics", "components\sfml\sfml-graphics.vcproj", "{FA4620B1-393A-4719-9BB4-3BC8CAA70C4B}"
	ProjectSection(ProjectDependencies) = postProject
		{C061A27D-7CA0-4179-9869-672FA04A86A8} = {C061A27D-7CA0-4179-9869-672FA04A86A8}
		{0F9CE5F0-4D89-4314-9147-8AAB1B8842ED} = {0F9CE5F0-4D89-4314-9147-8AAB1B8842ED}
	EndProjectSection
EndProject
Project("{8BC9CEB8-8B4A-11D0-8D11-00A0C91BC942}") = "sfml-main", "components\sfml\sfml-main.vcproj", "{2BD26A09-E1B6-42E2-A0D0-63987B76BB97}"
EndProject
Project("{8BC9CEB8-8B4A-11D0-8D11-00A0C91BC942}") = "sfml-audio", "components\sfml\sfml-audio.vcproj", "{B1BDA469-E6A7-4AF7-BDF9-EDDD7AD979A2}"
	ProjectSection(ProjectDependencies) = postProject
		{C061A27D-7CA0-4179-9869-672FA04A86A8} = {C061A27D-7CA0-4179-9869-672FA04A86A8}
	EndProjectSection
EndProject
Project("{8BC9CEB8-8B4A-11D0-8D11-00A0C91BC942}") = "sfml-network", "components\sfml\sfml-network.vcproj", "{823DDC98-42D5-4A38-88CF-9DC06C788AE4}"
EndProject
Project("{8BC9CEB8-8B4A-11D0-8D11-00A0C91BC942}") = "sfml-window", "components\sfml\sfml-window.vcproj", "{0F9CE5F0-4D89-4314-9147-8AAB1B8842ED}"
	ProjectSection(ProjectDependencies) = postProject
		{C061A27D-7CA0-4179-9869-672FA04A86A8} = {C061A27D-7CA0-4179-9869-672FA04A86A8}
	EndProjectSection
EndProject
Project("{2150E333-8FDC-42A3-9474-1A3956D46DE8}") = "components", "components", "{863A0570-3BA1-4429-81BD-AC189DB70CB7}"
EndProject
Project("{2150E333-8FDC-42A3-9474-1A3956D46DE8}") = "smfl", "smfl", "{A5137874-A727-4D2E-8050-5056BBC66DA0}"
EndProject
Project("{8BC9CEB8-8B4A-11D0-8D11-00A0C91BC942}") = "qgf2dutil", "components\qgf2dutil\qgf2dutil.vcproj", "{2ABB756B-B1E0-4931-B1BC-FF7A0D011AD4}"
	ProjectSection(ProjectDependencies) = postProject
		{2BD26A09-E1B6-42E2-A0D0-63987B76BB97} = {2BD26A09-E1B6-42E2-A0D0-63987B76BB97}
		{7A2DFC3D-516A-471D-A215-BD40E5E5AD9A} = {7A2DFC3D-516A-471D-A215-BD40E5E5AD9A}
		{B1BDA469-E6A7-4AF7-BDF9-EDDD7AD979A2} = {B1BDA469-E6A7-4AF7-BDF9-EDDD7AD979A2}
		{C061A27D-7CA0-4179-9869-672FA04A86A8} = {C061A27D-7CA0-4179-9869-672FA04A86A8}
		{823DDC98-42D5-4A38-88CF-9DC06C788AE4} = {823DDC98-42D5-4A38-88CF-9DC06C788AE4}
		{FA4620B1-393A-4719-9BB4-3BC8CAA70C4B} = {FA4620B1-393A-4719-9BB4-3BC8CAA70C4B}
		{0F9CE5F0-4D89-4314-9147-8AAB1B8842ED} = {0F9CE5F0-4D89-4314-9147-8AAB1B8842ED}
	EndProjectSection
EndProject
Project("{8BC9CEB8-8B4A-11D0-8D11-00A0C91BC942}") = "Box2D", "components\box2d\Box2D.vcproj", "{7A2DFC3D-516A-471D-A215-BD40E5E5AD9A}"
EndProject
Project("{8BC9CEB8-8B4A-11D0-8D11-00A0C91BC942}") = "Nem201", "projects\Nem201\Nem201.vcproj", "{7D193796-FC0D-481B-B001-2D4D8B694837}"
	ProjectSection(ProjectDependencies) = postProject
		{2BD26A09-E1B6-42E2-A0D0-63987B76BB97} = {2BD26A09-E1B6-42E2-A0D0-63987B76BB97}
		{B1BDA469-E6A7-4AF7-BDF9-EDDD7AD979A2} = {B1BDA469-E6A7-4AF7-BDF9-EDDD7AD979A2}
		{2ABB756B-B1E0-4931-B1BC-FF7A0D011AD4} = {2ABB756B-B1E0-4931-B1BC-FF7A0D011AD4}
		{C061A27D-7CA0-4179-9869-672FA04A86A8} = {C061A27D-7CA0-4179-9869-672FA04A86A8}
		{823DDC98-42D5-4A38-88CF-9DC06C788AE4} = {823DDC98-42D5-4A38-88CF-9DC06C788AE4}
		{FA4620B1-393A-4719-9BB4-3BC8CAA70C4B} = {FA4620B1-393A-4719-9BB4-3BC8CAA70C4B}
		{0F9CE5F0-4D89-4314-9147-8AAB1B8842ED} = {0F9CE5F0-4D89-4314-9147-8AAB1B8842ED}
		{095E0FFA-2638-40A8-B31D-6ED1230FFBBE} = {095E0FFA-2638-40A8-B31D-6ED1230FFBBE}
	EndProjectSection
EndProject
Project("{8BC9CEB8-8B4A-11D0-8D11-00A0C91BC942}") = "BulletML_v2", "projects\BulletML_v2\BulletML_v2\BulletML_v2.vcproj", "{095E0FFA-2638-40A8-B31D-6ED1230FFBBE}"
EndProject
Global
	GlobalSection(SolutionConfigurationPlatforms) = preSolution
		Debug|Win32 = Debug|Win32
		Release|Win32 = Release|Win32
	EndGlobalSection
	GlobalSection(ProjectConfigurationPlatforms) = postSolution
		{C061A27D-7CA0-4179-9869-672FA04A86A8}.Debug|Win32.ActiveCfg = Debug static|Win32
		{C061A27D-7CA0-4179-9869-672FA04A86A8}.Release|Win32.ActiveCfg = Release static|Win32
		{FA4620B1-393A-4719-9BB4-3BC8CAA70C4B}.Debug|Win32.ActiveCfg = Debug static|Win32
		{FA4620B1-393A-4719-9BB4-3BC8CAA70C4B}.Release|Win32.ActiveCfg = Release static|Win32
		{2BD26A09-E1B6-42E2-A0D0-63987B76BB97}.Debug|Win32.ActiveCfg = Debug|Win32
		{2BD26A09-E1B6-42E2-A0D0-63987B76BB97}.Release|Win32.ActiveCfg = Release|Win32
		{B1BDA469-E6A7-4AF7-BDF9-EDDD7AD979A2}.Debug|Win32.ActiveCfg = Debug static|Win32
		{B1BDA469-E6A7-4AF7-BDF9-EDDD7AD979A2}.Release|Win32.ActiveCfg = Release static|Win32
		{823DDC98-42D5-4A38-88CF-9DC06C788AE4}.Debug|Win32.ActiveCfg = Debug static|Win32
		{823DDC98-42D5-4A38-88CF-9DC06C788AE4}.Release|Win32.ActiveCfg = Release static|Win32
		{0F9CE5F0-4D89-4314-9147-8AAB1B8842ED}.Debug|Win32.ActiveCfg = Debug static|Win32
		{0F9CE5F0-4D89-4314-9147-8AAB1B8842ED}.Release|Win32.ActiveCfg = Release static|Win32
		{2ABB756B-B1E0-4931-B1BC-FF7A0D011AD4}.Debug|Win32.ActiveCfg = Debug|Win32
		{2ABB756B-B1E0-4931-B1BC-FF7A0D011AD4}.Release|Win32.ActiveCfg = Release|Win32
		{7A2DFC3D-516A-471D-A215-BD40E5E5AD9A}.Debug|Win32.ActiveCfg = Debug|Win32
		{7A2DFC3D-516A-471D-A215-BD40E5E5AD9A}.Release|Win32.ActiveCfg = Release|Win32
		{7D193796-FC0D-481B-B001-2D4D8B694837}.Debug|Win32.ActiveCfg = Debug|Win32
		{7D193796-FC0D-481B-B001-2D4D8B694837}.Debug|Win32.Build.0 = Debug|Win32
		{7D193796-FC0D-481B-B001-2D4D8B694837}.Release|Win32.ActiveCfg = Release|Win32
		{7D193796-FC0D-481B-B001-2D4D8B694837}.Release|Win32.Build.0 = Release|Win32
		{095E0FFA-2638-40A8-B31D-6ED1230FFBBE}.Debug|Win32.ActiveCfg = Debug|Win32
		{095E0FFA-2638-40A8-B31D-6ED1230FFBBE}.Debug|Win32.Build.0 = Debug|Win32
		{095E0FFA-2638-40A8-B31D-6ED1230FFBBE}.Release|Win32.ActiveCfg = Release|Win32
		{095E0FFA-2638-40A8-B31D-6ED1230FFBBE}.Release|Win32.Build.0 = Release|Win32
	EndGlobalSection
	GlobalSection(SolutionProperties) = preSolution
		HideSolutionNode = FALSE
	EndGlobalSection
	GlobalSection(NestedProjects) = preSolution
		{A5137874-A727-4D2E-8050-5056BBC66DA0} = {863A0570-3BA1-4429-81BD-AC189DB70CB7}
		{2ABB756B-B1E0-4931-B1BC-FF7A0D011AD4} = {863A0570-3BA1-4429-81BD-AC189DB70CB7}
		{7A2DFC3D-516A-471D-A215-BD40E5E5AD9A} = {863A0570-3BA1-4429-81BD-AC189DB70CB7}
		{2BD26A09-E1B6-42E2-A0D0-63987B76BB97} = {A5137874-A727-4D2E-8050-5056BBC66DA0}
		{B1BDA469-E6A7-4AF7-BDF9-EDDD7AD979A2} = {A5137874-A727-4D2E-8050-5056BBC66DA0}
		{823DDC98-42D5-4A38-88CF-9DC06C788AE4} = {A5137874-A727-4D2E-8050-5056BBC66DA0}
		{0F9CE5F0-4D89-4314-9147-8AAB1B8842ED} = {A5137874-A727-4D2E-8050-5056BBC66DA0}
		{C061A27D-7CA0-4179-9869-672FA04A86A8} = {A5137874-A727-4D2E-8050-5056BBC66DA0}
		{FA4620B1-393A-4719-9BB4-3BC8CAA70C4B} = {A5137874-A727-4D2E-8050-5056BBC66DA0}
	EndGlobalSection
EndGlobal
